PODS:
  - FBSnapshotTestCase (2.1.4):
    - FBSnapshotTestCase/SwiftSupport (= 2.1.4)
  - FBSnapshotTestCase/Core (2.1.4)
  - FBSnapshotTestCase/SwiftSupport (2.1.4):
    - FBSnapshotTestCase/Core
  - PYBaseColorHandler (0.1.1)
  - PYBaseEventHandler (0.2.0)
  - PYBaseStringHandler (0.1.1)
  - PYBaseViews (0.1.1):
    - PYBaseColorHandler
    - PYBaseStringHandler

DEPENDENCIES:
  - FBSnapshotTestCase
  - PYBaseEventHandler
  - PYBaseViews (from `../`)

SPEC REPOS:
  https://github.com/cocoapods/specs.git:
    - FBSnapshotTestCase
    - PYBaseColorHandler
    - PYBaseEventHandler
    - PYBaseStringHandler

EXTERNAL SOURCES:
  PYBaseViews:
    :path: "../"

SPEC CHECKSUMS:
  FBSnapshotTestCase: 094f9f314decbabe373b87cc339bea235a63e07a
  PYBaseColorHandler: 27c5875ddfd66672ca47a8d23930fde523720fda
  PYBaseEventHandler: 47b896a33bc5128ffd639746c561401a3797a902
  PYBaseStringHandler: 090d18d116158f49aabff465826c577b1f44f45f
  PYBaseViews: 82e6ed2b93538e51e36c1b3ee3363f24f97a7ef5

PODFILE CHECKSUM: 59f67841553baffec660bfd7be3ec5b787907396

COCOAPODS: 1.7.5
