PODS:
  - FBSnapshotTestCase (2.1.4):
    - FBSnapshotTestCase/SwiftSupport (= 2.1.4)
  - FBSnapshotTestCase/Core (2.1.4)
  - FBSnapshotTestCase/SwiftSupport (2.1.4):
    - FBSnapshotTestCase/Core
  - PYBaseColorHandler (0.1.1)
  - PYBaseStringHandler (0.1.1)
  - PYBaseView (0.1.1):
    - PYBaseColorHandler
    - PYBaseStringHandler

DEPENDENCIES:
  - FBSnapshotTestCase
  - PYBaseView (from `../`)

SPEC REPOS:
  https://github.com/cocoapods/specs.git:
    - FBSnapshotTestCase
    - PYBaseColorHandler
    - PYBaseStringHandler

EXTERNAL SOURCES:
  PYBaseView:
    :path: "../"

SPEC CHECKSUMS:
  FBSnapshotTestCase: 094f9f314decbabe373b87cc339bea235a63e07a
  PYBaseColorHandler: 27c5875ddfd66672ca47a8d23930fde523720fda
  PYBaseStringHandler: 090d18d116158f49aabff465826c577b1f44f45f
  PYBaseView: b18c9b42d3286cd8291822e749dff6d488797966

PODFILE CHECKSUM: 5ec4ce3e58147feb536fceb8c9341e0aadaa01da

COCOAPODS: 1.7.5
